
Microsoft Visual Studio Solution File, Format Version 12.00
# Visual Studio Version 16
VisualStudioVersion = 16.0.31702.278
MinimumVisualStudioVersion = 10.0.40219.1
Project("{9A19103F-16F7-4668-BE54-9A1E7A4F7556}") = "Transportadora.Tracking.API", "Transportadora.Tracking.API.csproj", "{C13CC25B-BB57-4DB4-A59B-D8E573482951}"
EndProject
Project("{9A19103F-16F7-4668-BE54-9A1E7A4F7556}") = "Transportadora.Tracking.Services", "..\Transportadora.Tracking.Services\Transportadora.Tracking.Services.csproj", "{9D0E3664-7F9E-40A4-AE8C-4A8642346307}"
EndProject
Project("{9A19103F-16F7-4668-BE54-9A1E7A4F7556}") = "Transportadora.Tracking.Repositories", "..\Transportadora.Tracking.Repositories\Transportadora.Tracking.Repositories.csproj", "{BD184DB5-834F-4B7E-B778-E64B4CDB6FC8}"
EndProject
Project("{9A19103F-16F7-4668-BE54-9A1E7A4F7556}") = "Transportadora.Tracking.Entities", "..\Transportadora.Tracking.Entities\Transportadora.Tracking.Entities.csproj", "{95EDE7D6-4359-4FAD-99F2-045F609B4F0D}"
EndProject
Project("{FAE04EC0-301F-11D3-BF4B-00C04F79EFBC}") = "Transportadora.Tracking.CustomDataAnnotations", "..\Transportadora.Tracking.CustomDataAnnotations\Transportadora.Tracking.CustomDataAnnotations.csproj", "{AE1A6CA6-F23B-43C2-AD75-CC4E3EBFCB94}"
EndProject
Global
	GlobalSection(SolutionConfigurationPlatforms) = preSolution
		Debug|Any CPU = Debug|Any CPU
		Release|Any CPU = Release|Any CPU
	EndGlobalSection
	GlobalSection(ProjectConfigurationPlatforms) = postSolution
		{C13CC25B-BB57-4DB4-A59B-D8E573482951}.Debug|Any CPU.ActiveCfg = Debug|Any CPU
		{C13CC25B-BB57-4DB4-A59B-D8E573482951}.Debug|Any CPU.Build.0 = Debug|Any CPU
		{C13CC25B-BB57-4DB4-A59B-D8E573482951}.Release|Any CPU.ActiveCfg = Release|Any CPU
		{C13CC25B-BB57-4DB4-A59B-D8E573482951}.Release|Any CPU.Build.0 = Release|Any CPU
		{9D0E3664-7F9E-40A4-AE8C-4A8642346307}.Debug|Any CPU.ActiveCfg = Debug|Any CPU
		{9D0E3664-7F9E-40A4-AE8C-4A8642346307}.Debug|Any CPU.Build.0 = Debug|Any CPU
		{9D0E3664-7F9E-40A4-AE8C-4A8642346307}.Release|Any CPU.ActiveCfg = Release|Any CPU
		{9D0E3664-7F9E-40A4-AE8C-4A8642346307}.Release|Any CPU.Build.0 = Release|Any CPU
		{BD184DB5-834F-4B7E-B778-E64B4CDB6FC8}.Debug|Any CPU.ActiveCfg = Debug|Any CPU
		{BD184DB5-834F-4B7E-B778-E64B4CDB6FC8}.Debug|Any CPU.Build.0 = Debug|Any CPU
		{BD184DB5-834F-4B7E-B778-E64B4CDB6FC8}.Release|Any CPU.ActiveCfg = Release|Any CPU
		{BD184DB5-834F-4B7E-B778-E64B4CDB6FC8}.Release|Any CPU.Build.0 = Release|Any CPU
		{95EDE7D6-4359-4FAD-99F2-045F609B4F0D}.Debug|Any CPU.ActiveCfg = Debug|Any CPU
		{95EDE7D6-4359-4FAD-99F2-045F609B4F0D}.Debug|Any CPU.Build.0 = Debug|Any CPU
		{95EDE7D6-4359-4FAD-99F2-045F609B4F0D}.Release|Any CPU.ActiveCfg = Release|Any CPU
		{95EDE7D6-4359-4FAD-99F2-045F609B4F0D}.Release|Any CPU.Build.0 = Release|Any CPU
		{AE1A6CA6-F23B-43C2-AD75-CC4E3EBFCB94}.Debug|Any CPU.ActiveCfg = Debug|Any CPU
		{AE1A6CA6-F23B-43C2-AD75-CC4E3EBFCB94}.Debug|Any CPU.Build.0 = Debug|Any CPU
		{AE1A6CA6-F23B-43C2-AD75-CC4E3EBFCB94}.Release|Any CPU.ActiveCfg = Release|Any CPU
		{AE1A6CA6-F23B-43C2-AD75-CC4E3EBFCB94}.Release|Any CPU.Build.0 = Release|Any CPU
	EndGlobalSection
	GlobalSection(SolutionProperties) = preSolution
		HideSolutionNode = FALSE
	EndGlobalSection
	GlobalSection(ExtensibilityGlobals) = postSolution
		SolutionGuid = {DA3594F2-E4EB-48E6-BAE7-6E7FC0253C84}
	EndGlobalSection
EndGlobal
